
Microsoft Visual Studio Solution File, Format Version 12.00
# Visual Studio Version 17
VisualStudioVersion = 17.8.34511.84
MinimumVisualStudioVersion = 10.0.40219.1
Project("{FAE04EC0-301F-11D3-BF4B-00C04F79EFBC}") = "CandidatosPrestamo", "CandidatosPrestamo.csproj", "{899DE62E-FE06-4657-8F8C-1F05D9A1B8C6}"
EndProject
Global
	GlobalSection(SolutionConfigurationPlatforms) = preSolution
		Debug|Any CPU = Debug|Any CPU
		Release|Any CPU = Release|Any CPU
	EndGlobalSection
	GlobalSection(ProjectConfigurationPlatforms) = postSolution
		{899DE62E-FE06-4657-8F8C-1F05D9A1B8C6}.Debug|Any CPU.ActiveCfg = Debug|Any CPU
		{899DE62E-FE06-4657-8F8C-1F05D9A1B8C6}.Debug|Any CPU.Build.0 = Debug|Any CPU
		{899DE62E-FE06-4657-8F8C-1F05D9A1B8C6}.Release|Any CPU.ActiveCfg = Release|Any CPU
		{899DE62E-FE06-4657-8F8C-1F05D9A1B8C6}.Release|Any CPU.Build.0 = Release|Any CPU
	EndGlobalSection
	GlobalSection(SolutionProperties) = preSolution
		HideSolutionNode = FALSE
	EndGlobalSection
	GlobalSection(ExtensibilityGlobals) = postSolution
		SolutionGuid = {8A78BF8C-6497-4A54-9EAF-592599D01B7D}
	EndGlobalSection
EndGlobal
