
Microsoft Visual Studio Solution File, Format Version 12.00
# Visual Studio Version 17
VisualStudioVersion = 17.8.34511.84
MinimumVisualStudioVersion = 10.0.40219.1
Project("{FAE04EC0-301F-11D3-BF4B-00C04F79EFBC}") = "RendimientoDispositivosMoviles", "RendimientoDispositivosMoviles.csproj", "{DDEBE984-0BA4-4CF9-BF7A-D838C8824412}"
EndProject
Global
	GlobalSection(SolutionConfigurationPlatforms) = preSolution
		Debug|Any CPU = Debug|Any CPU
		Release|Any CPU = Release|Any CPU
	EndGlobalSection
	GlobalSection(ProjectConfigurationPlatforms) = postSolution
		{DDEBE984-0BA4-4CF9-BF7A-D838C8824412}.Debug|Any CPU.ActiveCfg = Debug|Any CPU
		{DDEBE984-0BA4-4CF9-BF7A-D838C8824412}.Debug|Any CPU.Build.0 = Debug|Any CPU
		{DDEBE984-0BA4-4CF9-BF7A-D838C8824412}.Release|Any CPU.ActiveCfg = Release|Any CPU
		{DDEBE984-0BA4-4CF9-BF7A-D838C8824412}.Release|Any CPU.Build.0 = Release|Any CPU
	EndGlobalSection
	GlobalSection(SolutionProperties) = preSolution
		HideSolutionNode = FALSE
	EndGlobalSection
	GlobalSection(ExtensibilityGlobals) = postSolution
		SolutionGuid = {73F46210-6B64-4AAB-8584-718074F0B7CB}
	EndGlobalSection
EndGlobal
